
Microsoft Visual Studio Solution File, Format Version 12.00
# Visual Studio Version 16
VisualStudioVersion = 16.0.30320.27
MinimumVisualStudioVersion = 10.0.40219.1
Project("{FAE04EC0-301F-11D3-BF4B-00C04F79EFBC}") = "Barkod Uygulaması", "Barkod Uygulaması\Barkod Uygulaması.csproj", "{55D2330C-5424-4506-928E-BD12B7AB4CEC}"
EndProject
Global
	GlobalSection(SolutionConfigurationPlatforms) = preSolution
		Debug|Any CPU = Debug|Any CPU
		Release|Any CPU = Release|Any CPU
	EndGlobalSection
	GlobalSection(ProjectConfigurationPlatforms) = postSolution
		{55D2330C-5424-4506-928E-BD12B7AB4CEC}.Debug|Any CPU.ActiveCfg = Debug|Any CPU
		{55D2330C-5424-4506-928E-BD12B7AB4CEC}.Debug|Any CPU.Build.0 = Debug|Any CPU
		{55D2330C-5424-4506-928E-BD12B7AB4CEC}.Release|Any CPU.ActiveCfg = Release|Any CPU
		{55D2330C-5424-4506-928E-BD12B7AB4CEC}.Release|Any CPU.Build.0 = Release|Any CPU
	EndGlobalSection
	GlobalSection(SolutionProperties) = preSolution
		HideSolutionNode = FALSE
	EndGlobalSection
	GlobalSection(ExtensibilityGlobals) = postSolution
		SolutionGuid = {A06B8DCD-FB3F-4809-9402-7D5C9293688C}
	EndGlobalSection
EndGlobal
