
Microsoft Visual Studio Solution File, Format Version 12.00
# Visual Studio Version 17
VisualStudioVersion = 17.2.32602.215
MinimumVisualStudioVersion = 10.0.40219.1
Project("{FAE04EC0-301F-11D3-BF4B-00C04F79EFBC}") = "SQL Database Example New", "SQL Database Example New\SQL Database Example New.csproj", "{C97F1AE6-5904-4D88-B292-8E1C37F9DA11}"
EndProject
Global
	GlobalSection(SolutionConfigurationPlatforms) = preSolution
		Debug|Any CPU = Debug|Any CPU
		Release|Any CPU = Release|Any CPU
	EndGlobalSection
	GlobalSection(ProjectConfigurationPlatforms) = postSolution
		{C97F1AE6-5904-4D88-B292-8E1C37F9DA11}.Debug|Any CPU.ActiveCfg = Debug|Any CPU
		{C97F1AE6-5904-4D88-B292-8E1C37F9DA11}.Debug|Any CPU.Build.0 = Debug|Any CPU
		{C97F1AE6-5904-4D88-B292-8E1C37F9DA11}.Release|Any CPU.ActiveCfg = Release|Any CPU
		{C97F1AE6-5904-4D88-B292-8E1C37F9DA11}.Release|Any CPU.Build.0 = Release|Any CPU
	EndGlobalSection
	GlobalSection(SolutionProperties) = preSolution
		HideSolutionNode = FALSE
	EndGlobalSection
	GlobalSection(ExtensibilityGlobals) = postSolution
		SolutionGuid = {8BD70DA5-6AD2-4709-89A6-43AA699185B5}
	EndGlobalSection
EndGlobal
